
Microsoft Visual Studio Solution File, Format Version 12.00
# Visual Studio Version 16
VisualStudioVersion = 16.0.29123.88
MinimumVisualStudioVersion = 10.0.40219.1
Project("{FAE04EC0-301F-11D3-BF4B-00C04F79EFBC}") = "IndonesianTaste", "IndonesianTaste\IndonesianTaste.csproj", "{74C50B7B-49CB-4E68-A490-25336DA41481}"
EndProject
Project("{FAE04EC0-301F-11D3-BF4B-00C04F79EFBC}") = "IndonesianTaste.Tests", "IndonesianTaste.Tests\IndonesianTaste.Tests.csproj", "{55076D64-0CC7-40AA-A598-2A765757ABC3}"
EndProject
Global
	GlobalSection(SolutionConfigurationPlatforms) = preSolution
		Debug|Any CPU = Debug|Any CPU
		Release|Any CPU = Release|Any CPU
	EndGlobalSection
	GlobalSection(ProjectConfigurationPlatforms) = postSolution
		{74C50B7B-49CB-4E68-A490-25336DA41481}.Debug|Any CPU.ActiveCfg = Debug|Any CPU
		{74C50B7B-49CB-4E68-A490-25336DA41481}.Debug|Any CPU.Build.0 = Debug|Any CPU
		{74C50B7B-49CB-4E68-A490-25336DA41481}.Release|Any CPU.ActiveCfg = Release|Any CPU
		{74C50B7B-49CB-4E68-A490-25336DA41481}.Release|Any CPU.Build.0 = Release|Any CPU
		{55076D64-0CC7-40AA-A598-2A765757ABC3}.Debug|Any CPU.ActiveCfg = Debug|Any CPU
		{55076D64-0CC7-40AA-A598-2A765757ABC3}.Debug|Any CPU.Build.0 = Debug|Any CPU
		{55076D64-0CC7-40AA-A598-2A765757ABC3}.Release|Any CPU.ActiveCfg = Release|Any CPU
		{55076D64-0CC7-40AA-A598-2A765757ABC3}.Release|Any CPU.Build.0 = Release|Any CPU
	EndGlobalSection
	GlobalSection(SolutionProperties) = preSolution
		HideSolutionNode = FALSE
	EndGlobalSection
	GlobalSection(ExtensibilityGlobals) = postSolution
		SolutionGuid = {D3905A9B-EF56-4903-A5E8-2B37279FD72F}
	EndGlobalSection
EndGlobal
